// !$*UTF8*$!
{
	archiveVersion = 1;
	classes = {
	};
	objectVersion = 46;
	objects = {

/* Begin PBXBuildFile section */
		6D2BF22B1F742B7500198742 /* AppDelegate.swift in Sources */ = {isa = PBXBuildFile; fileRef = 6D2BF22A1F742B7500198742 /* AppDelegate.swift */; };
		6D2BF22D1F742B7500198742 /* ViewController.swift in Sources */ = {isa = PBXBuildFile; fileRef = 6D2BF22C1F742B7500198742 /* ViewController.swift */; };
		6D2BF2301F742B7500198742 /* Main.storyboard in Resources */ = {isa = PBXBuildFile; fileRef = 6D2BF22E1F742B7500198742 /* Main.storyboard */; };
		6D2BF2351F742B7500198742 /* LaunchScreen.storyboard in Resources */ = {isa = PBXBuildFile; fileRef = 6D2BF2331F742B7500198742 /* LaunchScreen.storyboard */; };
		6D40EDCF1F78004B0009C830 /* BoardSquare.swift in Sources */ = {isa = PBXBuildFile; fileRef = 6D40EDCE1F78004B0009C830 /* BoardSquare.swift */; };
		6D40EDD11F7801930009C830 /* BoardModel.swift in Sources */ = {isa = PBXBuildFile; fileRef = 6D40EDD01F7801930009C830 /* BoardModel.swift */; };
		6D6919AC1F950D7A000F12A9 /* Welcome.swift in Sources */ = {isa = PBXBuildFile; fileRef = 6D6919AB1F950D79000F12A9 /* Welcome.swift */; };
		6D9061B21F865E8E00844A88 /* PieceMovementManager.swift in Sources */ = {isa = PBXBuildFile; fileRef = 6D9061B11F865E8E00844A88 /* PieceMovementManager.swift */; };
		6DBAF3B61F964CD100EBAFF8 /* Assets.xcassets in Resources */ = {isa = PBXBuildFile; fileRef = 6DBAF3B51F964CD000EBAFF8 /* Assets.xcassets */; };
/* End PBXBuildFile section */

/* Begin PBXFileReference section */
		6D2BF2271F742B7500198742 /* BTChess.app */ = {isa = PBXFileReference; explicitFileType = wrapper.application; includeInIndex = 0; path = BTChess.app; sourceTree = BUILT_PRODUCTS_DIR; };
		6D2BF22A1F742B7500198742 /* AppDelegate.swift */ = {isa = PBXFileReference; lastKnownFileType = sourcecode.swift; path = AppDelegate.swift; sourceTree = "<group>"; };
		6D2BF22C1F742B7500198742 /* ViewController.swift */ = {isa = PBXFileReference; lastKnownFileType = sourcecode.swift; path = ViewController.swift; sourceTree = "<group>"; };
		6D2BF22F1F742B7500198742 /* Base */ = {isa = PBXFileReference; lastKnownFileType = file.storyboard; name = Base; path = Base.lproj/Main.storyboard; sourceTree = "<group>"; };
		6D2BF2341F742B7500198742 /* Base */ = {isa = PBXFileReference; lastKnownFileType = file.storyboard; name = Base; path = Base.lproj/LaunchScreen.storyboard; sourceTree = "<group>"; };
		6D2BF2361F742B7500198742 /* Info.plist */ = {isa = PBXFileReference; lastKnownFileType = text.plist.xml; path = Info.plist; sourceTree = "<group>"; };
		6D40EDCE1F78004B0009C830 /* BoardSquare.swift */ = {isa = PBXFileReference; fileEncoding = 4; lastKnownFileType = sourcecode.swift; path = BoardSquare.swift; sourceTree = "<group>"; };
		6D40EDD01F7801930009C830 /* BoardModel.swift */ = {isa = PBXFileReference; fileEncoding = 4; lastKnownFileType = sourcecode.swift; path = BoardModel.swift; sourceTree = "<group>"; };
		6D6919AB1F950D79000F12A9 /* Welcome.swift */ = {isa = PBXFileReference; fileEncoding = 4; lastKnownFileType = sourcecode.swift; path = Welcome.swift; sourceTree = "<group>"; };
		6D9061B11F865E8E00844A88 /* PieceMovementManager.swift */ = {isa = PBXFileReference; fileEncoding = 4; lastKnownFileType = sourcecode.swift; path = PieceMovementManager.swift; sourceTree = "<group>"; };
		6DBAF3B51F964CD000EBAFF8 /* Assets.xcassets */ = {isa = PBXFileReference; lastKnownFileType = folder.assetcatalog; path = Assets.xcassets; sourceTree = "<group>"; };
/* End PBXFileReference section */

/* Begin PBXFrameworksBuildPhase section */
		6D2BF2241F742B7400198742 /* Frameworks */ = {
			isa = PBXFrameworksBuildPhase;
			buildActionMask = 2147483647;
			files = (
			);
			runOnlyForDeploymentPostprocessing = 0;
		};
/* End PBXFrameworksBuildPhase section */

/* Begin PBXGroup section */
		6D2BF21E1F742B7400198742 = {
			isa = PBXGroup;
			children = (
				6D2BF2291F742B7500198742 /* BTChess */,
				6D2BF2281F742B7500198742 /* Products */,
			);
			sourceTree = "<group>";
		};
		6D2BF2281F742B7500198742 /* Products */ = {
			isa = PBXGroup;
			children = (
				6D2BF2271F742B7500198742 /* BTChess.app */,
			);
			name = Products;
			sourceTree = "<group>";
		};
		6D2BF2291F742B7500198742 /* BTChess */ = {
			isa = PBXGroup;
			children = (
				6D2BF22A1F742B7500198742 /* AppDelegate.swift */,
				6D2BF22C1F742B7500198742 /* ViewController.swift */,
				6D40EDD01F7801930009C830 /* BoardModel.swift */,
				6D9061B11F865E8E00844A88 /* PieceMovementManager.swift */,
				6D2BF22E1F742B7500198742 /* Main.storyboard */,
				6DBAF3B51F964CD000EBAFF8 /* Assets.xcassets */,
				6D6919AB1F950D79000F12A9 /* Welcome.swift */,
				6D2BF2331F742B7500198742 /* LaunchScreen.storyboard */,
				6D2BF2361F742B7500198742 /* Info.plist */,
				6D40EDCE1F78004B0009C830 /* BoardSquare.swift */,
			);
			path = BTChess;
			sourceTree = "<group>";
		};
/* End PBXGroup section */

/* Begin PBXNativeTarget section */
		6D2BF2261F742B7400198742 /* BTChess */ = {
			isa = PBXNativeTarget;
			buildConfigurationList = 6D2BF2391F742B7500198742 /* Build configuration list for PBXNativeTarget "BTChess" */;
			buildPhases = (
				6D2BF2231F742B7400198742 /* Sources */,
				6D2BF2241F742B7400198742 /* Frameworks */,
				6D2BF2251F742B7400198742 /* Resources */,
			);
			buildRules = (
			);
			dependencies = (
			);
			name = BTChess;
			productName = BTChess;
			productReference = 6D2BF2271F742B7500198742 /* BTChess.app */;
			productType = "com.apple.product-type.application";
		};
/* End PBXNativeTarget section */

/* Begin PBXProject section */
		6D2BF21F1F742B7400198742 /* Project object */ = {
			isa = PBXProject;
			attributes = {
				LastSwiftUpdateCheck = 0830;
				LastUpgradeCheck = 0830;
				ORGANIZATIONNAME = "Michael Tang";
				TargetAttributes = {
					6D2BF2261F742B7400198742 = {
						CreatedOnToolsVersion = 8.3.3;
						DevelopmentTeam = KRSWH4Y4D5;
						LastSwiftMigration = 0830;
						ProvisioningStyle = Automatic;
					};
				};
			};
			buildConfigurationList = 6D2BF2221F742B7400198742 /* Build configuration list for PBXProject "BTChess" */;
			compatibilityVersion = "Xcode 3.2";
			developmentRegion = English;
			hasScannedForEncodings = 0;
			knownRegions = (
				en,
				Base,
			);
			mainGroup = 6D2BF21E1F742B7400198742;
			productRefGroup = 6D2BF2281F742B7500198742 /* Products */;
			projectDirPath = "";
			projectRoot = "";
			targets = (
				6D2BF2261F742B7400198742 /* BTChess */,
			);
		};
/* End PBXProject section */

/* Begin PBXResourcesBuildPhase section */
		6D2BF2251F742B7400198742 /* Resources */ = {
			isa = PBXResourcesBuildPhase;
			buildActionMask = 2147483647;
			files = (
				6D2BF2351F742B7500198742 /* LaunchScreen.storyboard in Resources */,
				6DBAF3B61F964CD100EBAFF8 /* Assets.xcassets in Resources */,
				6D2BF2301F742B7500198742 /* Main.storyboard in Resources */,
			);
			runOnlyForDeploymentPostprocessing = 0;
		};
/* End PBXResourcesBuildPhase section */

/* Begin PBXSourcesBuildPhase section */
		6D2BF2231F742B7400198742 /* Sources */ = {
			isa = PBXSourcesBuildPhase;
			buildActionMask = 2147483647;
			files = (
				6D40EDD11F7801930009C830 /* BoardModel.swift in Sources */,
				6D2BF22D1F742B7500198742 /* ViewController.swift in Sources */,
				6D40EDCF1F78004B0009C830 /* BoardSquare.swift in Sources */,
				6D9061B21F865E8E00844A88 /* PieceMovementManager.swift in Sources */,
				6D6919AC1F950D7A000F12A9 /* Welcome.swift in Sources */,
				6D2BF22B1F742B7500198742 /* AppDelegate.swift in Sources */,
			);
			runOnlyForDeploymentPostprocessing = 0;
		};
/* End PBXSourcesBuildPhase section */

/* Begin PBXVariantGroup section */
		6D2BF22E1F742B7500198742 /* Main.storyboard */ = {
			isa = PBXVariantGroup;
			children = (
				6D2BF22F1F742B7500198742 /* Base */,
			);
			name = Main.storyboard;
			sourceTree = "<group>";
		};
		6D2BF2331F742B7500198742 /* LaunchScreen.storyboard */ = {
			isa = PBXVariantGroup;
			children = (
				6D2BF2341F742B7500198742 /* Base */,
			);
			name = LaunchScreen.storyboard;
			sourceTree = "<group>";
		};
/* End PBXVariantGroup section */

/* Begin XCBuildConfiguration section */
		6D2BF2371F742B7500198742 /* Debug */ = {
			isa = XCBuildConfiguration;
			buildSettings = {
				ALWAYS_SEARCH_USER_PATHS = NO;
				CLANG_ANALYZER_NONNULL = YES;
				CLANG_ANALYZER_NUMBER_OBJECT_CONVERSION = YES_AGGRESSIVE;
				CLANG_CXX_LANGUAGE_STANDARD = "gnu++0x";
				CLANG_CXX_LIBRARY = "libc++";
				CLANG_ENABLE_MODULES = YES;
				CLANG_ENABLE_OBJC_ARC = YES;
				CLANG_WARN_BOOL_CONVERSION = YES;
				CLANG_WARN_CONSTANT_CONVERSION = YES;
				CLANG_WARN_DIRECT_OBJC_ISA_USAGE = YES_ERROR;
				CLANG_WARN_DOCUMENTATION_COMMENTS = YES;
				CLANG_WARN_EMPTY_BODY = YES;
				CLANG_WARN_ENUM_CONVERSION = YES;
				CLANG_WARN_INFINITE_RECURSION = YES;
				CLANG_WARN_INT_CONVERSION = YES;
				CLANG_WARN_OBJC_ROOT_CLASS = YES_ERROR;
				CLANG_WARN_SUSPICIOUS_MOVE = YES;
				CLANG_WARN_UNREACHABLE_CODE = YES;
				CLANG_WARN__DUPLICATE_METHOD_MATCH = YES;
				"CODE_SIGN_IDENTITY[sdk=iphoneos*]" = "iPhone Developer";
				COPY_PHASE_STRIP = NO;
				DEBUG_INFORMATION_FORMAT = dwarf;
				ENABLE_STRICT_OBJC_MSGSEND = YES;
				ENABLE_TESTABILITY = YES;
				GCC_C_LANGUAGE_STANDARD = gnu99;
				GCC_DYNAMIC_NO_PIC = NO;
				GCC_NO_COMMON_BLOCKS = YES;
				GCC_OPTIMIZATION_LEVEL = 0;
				GCC_PREPROCESSOR_DEFINITIONS = (
					"DEBUG=1",
					"$(inherited)",
				);
				GCC_WARN_64_TO_32_BIT_CONVERSION = YES;
				GCC_WARN_ABOUT_RETURN_TYPE = YES_ERROR;
				GCC_WARN_UNDECLARED_SELECTOR = YES;
				GCC_WARN_UNINITIALIZED_AUTOS = YES_AGGRESSIVE;
				GCC_WARN_UNUSED_FUNCTION = YES;
				GCC_WARN_UNUSED_VARIABLE = YES;
				IPHONEOS_DEPLOYMENT_TARGET = 10.3;
				MTL_ENABLE_DEBUG_INFO = YES;
				ONLY_ACTIVE_ARCH = YES;
				SDKROOT = iphoneos;
				SWIFT_ACTIVE_COMPILATION_CONDITIONS = DEBUG;
				SWIFT_OPTIMIZATION_LEVEL = "-Onone";
				TARGETED_DEVICE_FAMILY = "1,2";
			};
			name = Debug;
		};
		6D2BF2381F742B7500198742 /* Release */ = {
			isa = XCBuildConfiguration;
			buildSettings = {
				ALWAYS_SEARCH_USER_PATHS = NO;
				CLANG_ANALYZER_NONNULL = YES;
				CLANG_ANALYZER_NUMBER_OBJECT_CONVERSION = YES_AGGRESSIVE;
				CLANG_CXX_LANGUAGE_STANDARD = "gnu++0x";
				CLANG_CXX_LIBRARY = "libc++";
				CLANG_ENABLE_MODULES = YES;
				CLANG_ENABLE_OBJC_ARC = YES;
				CLANG_WARN_BOOL_CONVERSION = YES;
				CLANG_WARN_CONSTANT_CONVERSION = YES;
				CLANG_WARN_DIRECT_OBJC_ISA_USAGE = YES_ERROR;
				CLANG_WARN_DOCUMENTATION_COMMENTS = YES;
				CLANG_WARN_EMPTY_BODY = YES;
				CLANG_WARN_ENUM_CONVERSION = YES;
				CLANG_WARN_INFINITE_RECURSION = YES;
				CLANG_WARN_INT_CONVERSION = YES;
				CLANG_WARN_OBJC_ROOT_CLASS = YES_ERROR;
				CLANG_WARN_SUSPICIOUS_MOVE = YES;
				CLANG_WARN_UNREACHABLE_CODE = YES;
				CLANG_WARN__DUPLICATE_METHOD_MATCH = YES;
				"CODE_SIGN_IDENTITY[sdk=iphoneos*]" = "iPhone Developer";
				COPY_PHASE_STRIP = NO;
				DEBUG_INFORMATION_FORMAT = "dwarf-with-dsym";
				ENABLE_NS_ASSERTIONS = NO;
				ENABLE_STRICT_OBJC_MSGSEND = YES;
				GCC_C_LANGUAGE_STANDARD = gnu99;
				GCC_NO_COMMON_BLOCKS = YES;
				GCC_WARN_64_TO_32_BIT_CONVERSION = YES;
				GCC_WARN_ABOUT_RETURN_TYPE = YES_ERROR;
				GCC_WARN_UNDECLARED_SELECTOR = YES;
				GCC_WARN_UNINITIALIZED_AUTOS = YES_AGGRESSIVE;
				GCC_WARN_UNUSED_FUNCTION = YES;
				GCC_WARN_UNUSED_VARIABLE = YES;
				IPHONEOS_DEPLOYMENT_TARGET = 10.3;
				MTL_ENABLE_DEBUG_INFO = NO;
				SDKROOT = iphoneos;
				SWIFT_OPTIMIZATION_LEVEL = "-Owholemodule";
				TARGETED_DEVICE_FAMILY = "1,2";
				VALIDATE_PRODUCT = YES;
			};
			name = Release;
		};
		6D2BF23A1F742B7500198742 /* Debug */ = {
			isa = XCBuildConfiguration;
			buildSettings = {
				ASSETCATALOG_COMPILER_APPICON_NAME = AppIcon;
				CLANG_ENABLE_MODULES = YES;
				DEVELOPMENT_TEAM = KRSWH4Y4D5;
				INFOPLIST_FILE = BTChess/Info.plist;
				LD_RUNPATH_SEARCH_PATHS = "$(inherited) @executable_path/Frameworks";
				PRODUCT_BUNDLE_IDENTIFIER = michael.BTChess;
				PRODUCT_NAME = "$(TARGET_NAME)";
				SWIFT_OPTIMIZATION_LEVEL = "-Onone";
				SWIFT_VERSION = 3.0;
			};
			name = Debug;
		};
		6D2BF23B1F742B7500198742 /* Release */ = {
			isa = XCBuildConfiguration;
			buildSettings = {
				ASSETCATALOG_COMPILER_APPICON_NAME = AppIcon;
				CLANG_ENABLE_MODULES = YES;
				DEVELOPMENT_TEAM = KRSWH4Y4D5;
				INFOPLIST_FILE = BTChess/Info.plist;
				LD_RUNPATH_SEARCH_PATHS = "$(inherited) @executable_path/Frameworks";
				PRODUCT_BUNDLE_IDENTIFIER = michael.BTChess;
				PRODUCT_NAME = "$(TARGET_NAME)";
				SWIFT_VERSION = 3.0;
			};
			name = Release;
		};
/* End XCBuildConfiguration section */

/* Begin XCConfigurationList section */
		6D2BF2221F742B7400198742 /* Build configuration list for PBXProject "BTChess" */ = {
			isa = XCConfigurationList;
			buildConfigurations = (
				6D2BF2371F742B7500198742 /* Debug */,
				6D2BF2381F742B7500198742 /* Release */,
			);
			defaultConfigurationIsVisible = 0;
			defaultConfigurationName = Release;
		};
		6D2BF2391F742B7500198742 /* Build configuration list for PBXNativeTarget "BTChess" */ = {
			isa = XCConfigurationList;
			buildConfigurations = (
				6D2BF23A1F742B7500198742 /* Debug */,
				6D2BF23B1F742B7500198742 /* Release */,
			);
			defaultConfigurationIsVisible = 0;
			defaultConfigurationName = Release;
		};
/* End XCConfigurationList section */
	};
	rootObject = 6D2BF21F1F742B7400198742 /* Project object */;
}
